
Microsoft Visual Studio Solution File, Format Version 12.00
# Visual Studio Version 16
VisualStudioVersion = 16.0.29519.181
MinimumVisualStudioVersion = 10.0.40219.1
Project("{888888A0-9F3D-457C-B088-3A5042F75D52}") = "qrex-tract", "qrex-tract.pyproj", "{F2D2202A-BEF8-4DC0-B249-F1ABD622E41A}"
EndProject
Global
	GlobalSection(SolutionConfigurationPlatforms) = preSolution
		Debug|Any CPU = Debug|Any CPU
		Release|Any CPU = Release|Any CPU
	EndGlobalSection
	GlobalSection(ProjectConfigurationPlatforms) = postSolution
		{F2D2202A-BEF8-4DC0-B249-F1ABD622E41A}.Debug|Any CPU.ActiveCfg = Debug|Any CPU
		{F2D2202A-BEF8-4DC0-B249-F1ABD622E41A}.Debug|Any CPU.Build.0 = Debug|Any CPU
		{F2D2202A-BEF8-4DC0-B249-F1ABD622E41A}.Release|Any CPU.ActiveCfg = Release|Any CPU
		{F2D2202A-BEF8-4DC0-B249-F1ABD622E41A}.Release|Any CPU.Build.0 = Release|Any CPU
	EndGlobalSection
	GlobalSection(SolutionProperties) = preSolution
		HideSolutionNode = FALSE
	EndGlobalSection
	GlobalSection(ExtensibilityGlobals) = postSolution
		SolutionGuid = {6BBAFF22-A302-4CB5-839C-F2D47C8AAD87}
	EndGlobalSection
EndGlobal
